
Microsoft Visual Studio Solution File, Format Version 12.00
# Visual Studio Version 17
VisualStudioVersion = 17.14.37012.4 d17.14
MinimumVisualStudioVersion = 10.0.40219.1
Project("{FAE04EC0-301F-11D3-BF4B-00C04F79EFBC}") = "ConnectBoxService", "ConnectBoxService\ConnectBoxService.csproj", "{EC1801FD-E47F-4692-A15B-56D1592C1D1A}"
EndProject
Global
	GlobalSection(SolutionConfigurationPlatforms) = preSolution
		Debug|Any CPU = Debug|Any CPU
		Release|Any CPU = Release|Any CPU
	EndGlobalSection
	GlobalSection(ProjectConfigurationPlatforms) = postSolution
		{EC1801FD-E47F-4692-A15B-56D1592C1D1A}.Debug|Any CPU.ActiveCfg = Debug|Any CPU
		{EC1801FD-E47F-4692-A15B-56D1592C1D1A}.Debug|Any CPU.Build.0 = Debug|Any CPU
		{EC1801FD-E47F-4692-A15B-56D1592C1D1A}.Release|Any CPU.ActiveCfg = Release|Any CPU
		{EC1801FD-E47F-4692-A15B-56D1592C1D1A}.Release|Any CPU.Build.0 = Release|Any CPU
	EndGlobalSection
	GlobalSection(SolutionProperties) = preSolution
		HideSolutionNode = FALSE
	EndGlobalSection
	GlobalSection(ExtensibilityGlobals) = postSolution
		SolutionGuid = {F0DBE281-AFCE-4454-B859-1338A48503BE}
	EndGlobalSection
EndGlobal
